
Microsoft Visual Studio Solution File, Format Version 12.00
# Visual Studio Version 16
VisualStudioVersion = 16.0.31702.278
MinimumVisualStudioVersion = 10.0.40219.1
Project("{FAE04EC0-301F-11D3-BF4B-00C04F79EFBC}") = "harjoitus4", "harjoitus4\harjoitus4.csproj", "{EF80D388-20D6-4053-9C60-1B37CF0D6D4F}"
EndProject
Project("{FAE04EC0-301F-11D3-BF4B-00C04F79EFBC}") = "harjoitus 5", "harjoitus 5\harjoitus 5.csproj", "{399683E5-DCA3-4B1F-91F6-3116FE7BC1CD}"
EndProject
Project("{FAE04EC0-301F-11D3-BF4B-00C04F79EFBC}") = "harjoitus6", "harjoitus6\harjoitus6.csproj", "{621283F8-C1DB-408E-9B85-6C57C5B909B4}"
EndProject
Project("{FAE04EC0-301F-11D3-BF4B-00C04F79EFBC}") = "harjoitus7", "harjoitus7\harjoitus7.csproj", "{2E0C673C-A760-4FAA-9B61-A759ABA93EDF}"
EndProject
Project("{FAE04EC0-301F-11D3-BF4B-00C04F79EFBC}") = "harjoitus10", "harjoitus10\harjoitus10.csproj", "{02F3EC09-C472-4767-9D15-55F45A01E28D}"
EndProject
Project("{FAE04EC0-301F-11D3-BF4B-00C04F79EFBC}") = "Harjoitus8", "Harjoitus8\Harjoitus8.csproj", "{AD7A2365-2681-4766-84D3-4AC5F7C3FB78}"
EndProject
Project("{FAE04EC0-301F-11D3-BF4B-00C04F79EFBC}") = "Harjoitus11", "Harjoitus11\Harjoitus11.csproj", "{DA295E67-72A7-4EB3-83B6-C9B57E73CF56}"
EndProject
Project("{FAE04EC0-301F-11D3-BF4B-00C04F79EFBC}") = "harjoitus12", "harjoitus12\harjoitus12.csproj", "{94D1D7C1-6FDD-418E-8E3D-B7AB5481664E}"
EndProject
Global
	GlobalSection(SolutionConfigurationPlatforms) = preSolution
		Debug|Any CPU = Debug|Any CPU
		Release|Any CPU = Release|Any CPU
	EndGlobalSection
	GlobalSection(ProjectConfigurationPlatforms) = postSolution
		{EF80D388-20D6-4053-9C60-1B37CF0D6D4F}.Debug|Any CPU.ActiveCfg = Debug|Any CPU
		{EF80D388-20D6-4053-9C60-1B37CF0D6D4F}.Debug|Any CPU.Build.0 = Debug|Any CPU
		{EF80D388-20D6-4053-9C60-1B37CF0D6D4F}.Release|Any CPU.ActiveCfg = Release|Any CPU
		{EF80D388-20D6-4053-9C60-1B37CF0D6D4F}.Release|Any CPU.Build.0 = Release|Any CPU
		{399683E5-DCA3-4B1F-91F6-3116FE7BC1CD}.Debug|Any CPU.ActiveCfg = Debug|Any CPU
		{399683E5-DCA3-4B1F-91F6-3116FE7BC1CD}.Debug|Any CPU.Build.0 = Debug|Any CPU
		{399683E5-DCA3-4B1F-91F6-3116FE7BC1CD}.Release|Any CPU.ActiveCfg = Release|Any CPU
		{399683E5-DCA3-4B1F-91F6-3116FE7BC1CD}.Release|Any CPU.Build.0 = Release|Any CPU
		{621283F8-C1DB-408E-9B85-6C57C5B909B4}.Debug|Any CPU.ActiveCfg = Debug|Any CPU
		{621283F8-C1DB-408E-9B85-6C57C5B909B4}.Debug|Any CPU.Build.0 = Debug|Any CPU
		{621283F8-C1DB-408E-9B85-6C57C5B909B4}.Release|Any CPU.ActiveCfg = Release|Any CPU
		{621283F8-C1DB-408E-9B85-6C57C5B909B4}.Release|Any CPU.Build.0 = Release|Any CPU
		{2E0C673C-A760-4FAA-9B61-A759ABA93EDF}.Debug|Any CPU.ActiveCfg = Debug|Any CPU
		{2E0C673C-A760-4FAA-9B61-A759ABA93EDF}.Debug|Any CPU.Build.0 = Debug|Any CPU
		{2E0C673C-A760-4FAA-9B61-A759ABA93EDF}.Release|Any CPU.ActiveCfg = Release|Any CPU
		{2E0C673C-A760-4FAA-9B61-A759ABA93EDF}.Release|Any CPU.Build.0 = Release|Any CPU
		{02F3EC09-C472-4767-9D15-55F45A01E28D}.Debug|Any CPU.ActiveCfg = Debug|Any CPU
		{02F3EC09-C472-4767-9D15-55F45A01E28D}.Debug|Any CPU.Build.0 = Debug|Any CPU
		{02F3EC09-C472-4767-9D15-55F45A01E28D}.Release|Any CPU.ActiveCfg = Release|Any CPU
		{02F3EC09-C472-4767-9D15-55F45A01E28D}.Release|Any CPU.Build.0 = Release|Any CPU
		{AD7A2365-2681-4766-84D3-4AC5F7C3FB78}.Debug|Any CPU.ActiveCfg = Debug|Any CPU
		{AD7A2365-2681-4766-84D3-4AC5F7C3FB78}.Debug|Any CPU.Build.0 = Debug|Any CPU
		{AD7A2365-2681-4766-84D3-4AC5F7C3FB78}.Release|Any CPU.ActiveCfg = Release|Any CPU
		{AD7A2365-2681-4766-84D3-4AC5F7C3FB78}.Release|Any CPU.Build.0 = Release|Any CPU
		{DA295E67-72A7-4EB3-83B6-C9B57E73CF56}.Debug|Any CPU.ActiveCfg = Debug|Any CPU
		{DA295E67-72A7-4EB3-83B6-C9B57E73CF56}.Debug|Any CPU.Build.0 = Debug|Any CPU
		{DA295E67-72A7-4EB3-83B6-C9B57E73CF56}.Release|Any CPU.ActiveCfg = Release|Any CPU
		{DA295E67-72A7-4EB3-83B6-C9B57E73CF56}.Release|Any CPU.Build.0 = Release|Any CPU
		{94D1D7C1-6FDD-418E-8E3D-B7AB5481664E}.Debug|Any CPU.ActiveCfg = Debug|Any CPU
		{94D1D7C1-6FDD-418E-8E3D-B7AB5481664E}.Debug|Any CPU.Build.0 = Debug|Any CPU
		{94D1D7C1-6FDD-418E-8E3D-B7AB5481664E}.Release|Any CPU.ActiveCfg = Release|Any CPU
		{94D1D7C1-6FDD-418E-8E3D-B7AB5481664E}.Release|Any CPU.Build.0 = Release|Any CPU
	EndGlobalSection
	GlobalSection(SolutionProperties) = preSolution
		HideSolutionNode = FALSE
	EndGlobalSection
	GlobalSection(ExtensibilityGlobals) = postSolution
		SolutionGuid = {6530577F-3932-4080-8C63-A06A1A6CD704}
	EndGlobalSection
EndGlobal
